<?xml version="1.0" encoding="UTF-8"?>
<Project ToolsVersion="4.0" xmlns="http://schemas.microsoft.com/developer/msbuild/2003">
  <ItemGroup>
    <ClCompile Include="..\src\sl.c">
      <Filter>Source Files</Filter>
    </ClCompile>
    <ClCompile Include="..\src\internal\circle.c">
      <Filter>Source Files</Filter>
    </ClCompile>
    <ClCompile Include="..\src\internal\line.c">
      <Filter>Source Files</Filter>
    </ClCompile>
    <ClCompile Include="..\src\internal\point.c">
      <Filter>Source Files</Filter>
    </ClCompile>
    <ClCompile Include="..\src\internal\rectangle.c">
      <Filter>Source Files</Filter>
    </ClCompile>
    <ClCompile Include="..\src\internal\sound.c">
      <Filter>Source Files</Filter>
    </ClCompile>
    <ClCompile Include="..\src\internal\sprite.c">
      <Filter>Source Files</Filter>
    </ClCompile>
    <ClCompile Include="..\src\internal\text.c">
      <Filter>Source Files</Filter>
    </ClCompile>
    <ClCompile Include="..\src\internal\triangle.c">
      <Filter>Source Files</Filter>
    </ClCompile>
    <ClCompile Include="..\src\libdrawtext\drawgl.c">
      <Filter>Source Files</Filter>
    </ClCompile>
    <ClCompile Include="..\src\libdrawtext\font.c">
      <Filter>Source Files</Filter>
    </ClCompile>
    <ClCompile Include="..\src\libdrawtext\utf8.c">
      <Filter>Source Files</Filter>
    </ClCompile>
    <ClCompile Include="..\src\soil\image_DXT.c">
      <Filter>Source Files</Filter>
    </ClCompile>
    <ClCompile Include="..\src\soil\image_helper.c">
      <Filter>Source Files</Filter>
    </ClCompile>
    <ClCompile Include="..\src\soil\SOIL.c">
      <Filter>Source Files</Filter>
    </ClCompile>
    <ClCompile Include="..\src\soil\stb_image_aug.c">
      <Filter>Source Files</Filter>
    </ClCompile>
    <ClCompile Include="..\src\util\images.c">
      <Filter>Source Files</Filter>
    </ClCompile>
    <ClCompile Include="..\src\util\shader.c">
      <Filter>Source Files</Filter>
    </ClCompile>
    <ClCompile Include="..\src\util\transform.c">
      <Filter>Source Files</Filter>
    </ClCompile>
    <ClCompile Include="..\src\internal\window_glfw.c">
      <Filter>Source Files</Filter>
    </ClCompile>
    <ClCompile Include="..\src\internal\shaders_gl.c">
      <Filter>Source Files</Filter>
    </ClCompile>
  </ItemGroup>
  <ItemGroup>
    <CustomBuild Include="..\CMakeLists.txt" />
  </ItemGroup>
  <ItemGroup>
    <Filter Include="Source Files">
      <UniqueIdentifier>{B274A7CA-E171-3F35-B81B-FCB961446788}</UniqueIdentifier>
    </Filter>
  </ItemGroup>
</Project>
