
Microsoft Visual Studio Solution File, Format Version 12.00
# Visual Studio 2013
VisualStudioVersion = 12.0.31101.0
MinimumVisualStudioVersion = 10.0.40219.1
Project("{8BC9CEB8-8B4A-11D0-8D11-00A0C91BC942}") = "sprites-vc2013", "sprites-vc2013.vcxproj", "{D3B965C4-88D8-411D-8E01-F4866CF3069E}"
EndProject
Global
	GlobalSection(SolutionConfigurationPlatforms) = preSolution
		Debug|Win32 = Debug|Win32
		Release|Win32 = Release|Win32
	EndGlobalSection
	GlobalSection(ProjectConfigurationPlatforms) = postSolution
		{D3B965C4-88D8-411D-8E01-F4866CF3069E}.Debug|Win32.ActiveCfg = Debug|Win32
		{D3B965C4-88D8-411D-8E01-F4866CF3069E}.Debug|Win32.Build.0 = Debug|Win32
		{D3B965C4-88D8-411D-8E01-F4866CF3069E}.Release|Win32.ActiveCfg = Release|Win32
		{D3B965C4-88D8-411D-8E01-F4866CF3069E}.Release|Win32.Build.0 = Release|Win32
	EndGlobalSection
	GlobalSection(SolutionProperties) = preSolution
		HideSolutionNode = FALSE
	EndGlobalSection
EndGlobal
