Microsoft Visual Studio Solution File, Format Version 11.00
# Visual Studio 2010
Project("{8BC9CEB8-8B4A-11D0-8D11-00A0C91BC942}") = "ALL_BUILD", "ALL_BUILD.vcxproj", "{4574AC4E-9709-3E6D-9345-CE27612A9375}"
	ProjectSection(ProjectDependencies) = postProject
		{BE99304D-0DE7-397C-98D4-2FCB27E49E10} = {BE99304D-0DE7-397C-98D4-2FCB27E49E10}
		{52F1CA65-43E2-3B21-9864-5829B8D90106} = {52F1CA65-43E2-3B21-9864-5829B8D90106}
	EndProjectSection
EndProject
Project("{8BC9CEB8-8B4A-11D0-8D11-00A0C91BC942}") = "INSTALL", "INSTALL.vcxproj", "{0307F943-A8E3-3E74-94F1-37D6CFAA9C60}"
	ProjectSection(ProjectDependencies) = postProject
		{4574AC4E-9709-3E6D-9345-CE27612A9375} = {4574AC4E-9709-3E6D-9345-CE27612A9375}
		{BE99304D-0DE7-397C-98D4-2FCB27E49E10} = {BE99304D-0DE7-397C-98D4-2FCB27E49E10}
	EndProjectSection
EndProject
Project("{8BC9CEB8-8B4A-11D0-8D11-00A0C91BC942}") = "ZERO_CHECK", "..\..\\ZERO_CHECK.vcxproj", "{BE99304D-0DE7-397C-98D4-2FCB27E49E10}"
	ProjectSection(ProjectDependencies) = postProject
	EndProjectSection
EndProject
Project("{8BC9CEB8-8B4A-11D0-8D11-00A0C91BC942}") = "glfw", "src\glfw.vcxproj", "{52F1CA65-43E2-3B21-9864-5829B8D90106}"
	ProjectSection(ProjectDependencies) = postProject
		{BE99304D-0DE7-397C-98D4-2FCB27E49E10} = {BE99304D-0DE7-397C-98D4-2FCB27E49E10}
	EndProjectSection
EndProject
Project("{8BC9CEB8-8B4A-11D0-8D11-00A0C91BC942}") = "uninstall", "uninstall.vcxproj", "{F8200A53-F6CB-36F7-8E80-C7734FA007CA}"
	ProjectSection(ProjectDependencies) = postProject
		{BE99304D-0DE7-397C-98D4-2FCB27E49E10} = {BE99304D-0DE7-397C-98D4-2FCB27E49E10}
	EndProjectSection
EndProject
Project("{2150E333-8FDC-42A3-9474-1A3956D46DE8}") = "CMakePredefinedTargets", "CMakePredefinedTargets", "{A2666B10-4D8F-3907-AB9A-DEBD931DE3B7}"
EndProject
Project("{2150E333-8FDC-42A3-9474-1A3956D46DE8}") = "GLFW3", "GLFW3", "{D700BC14-1BE9-31DD-B71B-A5060E41449C}"
EndProject
Global
	GlobalSection(SolutionConfigurationPlatforms) = preSolution
		Debug|x64 = Debug|x64
		Release|x64 = Release|x64
		MinSizeRel|x64 = MinSizeRel|x64
		RelWithDebInfo|x64 = RelWithDebInfo|x64
	EndGlobalSection
	GlobalSection(ProjectConfigurationPlatforms) = postSolution
		{4574AC4E-9709-3E6D-9345-CE27612A9375}.Debug|x64.ActiveCfg = Debug|x64
		{4574AC4E-9709-3E6D-9345-CE27612A9375}.Debug|x64.Build.0 = Debug|x64
		{4574AC4E-9709-3E6D-9345-CE27612A9375}.Release|x64.ActiveCfg = Release|x64
		{4574AC4E-9709-3E6D-9345-CE27612A9375}.Release|x64.Build.0 = Release|x64
		{4574AC4E-9709-3E6D-9345-CE27612A9375}.MinSizeRel|x64.ActiveCfg = MinSizeRel|x64
		{4574AC4E-9709-3E6D-9345-CE27612A9375}.MinSizeRel|x64.Build.0 = MinSizeRel|x64
		{4574AC4E-9709-3E6D-9345-CE27612A9375}.RelWithDebInfo|x64.ActiveCfg = RelWithDebInfo|x64
		{4574AC4E-9709-3E6D-9345-CE27612A9375}.RelWithDebInfo|x64.Build.0 = RelWithDebInfo|x64
		{0307F943-A8E3-3E74-94F1-37D6CFAA9C60}.Debug|x64.ActiveCfg = Debug|x64
		{0307F943-A8E3-3E74-94F1-37D6CFAA9C60}.Release|x64.ActiveCfg = Release|x64
		{0307F943-A8E3-3E74-94F1-37D6CFAA9C60}.MinSizeRel|x64.ActiveCfg = MinSizeRel|x64
		{0307F943-A8E3-3E74-94F1-37D6CFAA9C60}.RelWithDebInfo|x64.ActiveCfg = RelWithDebInfo|x64
		{BE99304D-0DE7-397C-98D4-2FCB27E49E10}.Debug|x64.ActiveCfg = Debug|x64
		{BE99304D-0DE7-397C-98D4-2FCB27E49E10}.Debug|x64.Build.0 = Debug|x64
		{BE99304D-0DE7-397C-98D4-2FCB27E49E10}.Release|x64.ActiveCfg = Release|x64
		{BE99304D-0DE7-397C-98D4-2FCB27E49E10}.Release|x64.Build.0 = Release|x64
		{BE99304D-0DE7-397C-98D4-2FCB27E49E10}.MinSizeRel|x64.ActiveCfg = MinSizeRel|x64
		{BE99304D-0DE7-397C-98D4-2FCB27E49E10}.MinSizeRel|x64.Build.0 = MinSizeRel|x64
		{BE99304D-0DE7-397C-98D4-2FCB27E49E10}.RelWithDebInfo|x64.ActiveCfg = RelWithDebInfo|x64
		{BE99304D-0DE7-397C-98D4-2FCB27E49E10}.RelWithDebInfo|x64.Build.0 = RelWithDebInfo|x64
		{52F1CA65-43E2-3B21-9864-5829B8D90106}.Debug|x64.ActiveCfg = Debug|x64
		{52F1CA65-43E2-3B21-9864-5829B8D90106}.Debug|x64.Build.0 = Debug|x64
		{52F1CA65-43E2-3B21-9864-5829B8D90106}.Release|x64.ActiveCfg = Release|x64
		{52F1CA65-43E2-3B21-9864-5829B8D90106}.Release|x64.Build.0 = Release|x64
		{52F1CA65-43E2-3B21-9864-5829B8D90106}.MinSizeRel|x64.ActiveCfg = MinSizeRel|x64
		{52F1CA65-43E2-3B21-9864-5829B8D90106}.MinSizeRel|x64.Build.0 = MinSizeRel|x64
		{52F1CA65-43E2-3B21-9864-5829B8D90106}.RelWithDebInfo|x64.ActiveCfg = RelWithDebInfo|x64
		{52F1CA65-43E2-3B21-9864-5829B8D90106}.RelWithDebInfo|x64.Build.0 = RelWithDebInfo|x64
		{F8200A53-F6CB-36F7-8E80-C7734FA007CA}.Debug|x64.ActiveCfg = Debug|x64
		{F8200A53-F6CB-36F7-8E80-C7734FA007CA}.Release|x64.ActiveCfg = Release|x64
		{F8200A53-F6CB-36F7-8E80-C7734FA007CA}.MinSizeRel|x64.ActiveCfg = MinSizeRel|x64
		{F8200A53-F6CB-36F7-8E80-C7734FA007CA}.RelWithDebInfo|x64.ActiveCfg = RelWithDebInfo|x64
	EndGlobalSection
	GlobalSection(NestedProjects) = preSolution
		{0307F943-A8E3-3E74-94F1-37D6CFAA9C60} = {A2666B10-4D8F-3907-AB9A-DEBD931DE3B7}
		{BE99304D-0DE7-397C-98D4-2FCB27E49E10} = {A2666B10-4D8F-3907-AB9A-DEBD931DE3B7}
		{52F1CA65-43E2-3B21-9864-5829B8D90106} = {D700BC14-1BE9-31DD-B71B-A5060E41449C}
	EndGlobalSection
	GlobalSection(ExtensibilityGlobals) = postSolution
	EndGlobalSection
	GlobalSection(ExtensibilityAddIns) = postSolution
	EndGlobalSection
EndGlobal
