
Microsoft Visual Studio Solution File, Format Version 12.00
# Visual Studio 2013
VisualStudioVersion = 12.0.31101.0
MinimumVisualStudioVersion = 10.0.40219.1
Project("{8BC9CEB8-8B4A-11D0-8D11-00A0C91BC942}") = "text-vc2013-win64", "text-vc2013-win64.vcxproj", "{8C042856-CE59-4326-935A-D5B8B7495A7F}"
EndProject
Global
	GlobalSection(SolutionConfigurationPlatforms) = preSolution
		Debug|x64 = Debug|x64
		Release|x64 = Release|x64
	EndGlobalSection
	GlobalSection(ProjectConfigurationPlatforms) = postSolution
		{8C042856-CE59-4326-935A-D5B8B7495A7F}.Debug|x64.ActiveCfg = Debug|x64
		{8C042856-CE59-4326-935A-D5B8B7495A7F}.Debug|x64.Build.0 = Debug|x64
		{8C042856-CE59-4326-935A-D5B8B7495A7F}.Release|x64.ActiveCfg = Release|x64
		{8C042856-CE59-4326-935A-D5B8B7495A7F}.Release|x64.Build.0 = Release|x64
	EndGlobalSection
	GlobalSection(SolutionProperties) = preSolution
		HideSolutionNode = FALSE
	EndGlobalSection
EndGlobal
