
Microsoft Visual Studio Solution File, Format Version 11.00
# Visual Studio 2010
Project("{8BC9CEB8-8B4A-11D0-8D11-00A0C91BC942}") = "sound", "sound.vcxproj", "{F1AADFFA-6CC0-413D-A113-5D5B2A7A039D}"
EndProject
Global
	GlobalSection(SolutionConfigurationPlatforms) = preSolution
		Debug|Win32 = Debug|Win32
		Release|Win32 = Release|Win32
	EndGlobalSection
	GlobalSection(ProjectConfigurationPlatforms) = postSolution
		{F1AADFFA-6CC0-413D-A113-5D5B2A7A039D}.Debug|Win32.ActiveCfg = Debug|Win32
		{F1AADFFA-6CC0-413D-A113-5D5B2A7A039D}.Debug|Win32.Build.0 = Debug|Win32
		{F1AADFFA-6CC0-413D-A113-5D5B2A7A039D}.Release|Win32.ActiveCfg = Release|Win32
		{F1AADFFA-6CC0-413D-A113-5D5B2A7A039D}.Release|Win32.Build.0 = Release|Win32
	EndGlobalSection
	GlobalSection(SolutionProperties) = preSolution
		HideSolutionNode = FALSE
	EndGlobalSection
EndGlobal
