Microsoft Visual Studio Solution File, Format Version 12.00
# Visual Studio Express 2012 for Windows Desktop
Project("{8BC9CEB8-8B4A-11D0-8D11-00A0C91BC942}") = "ALL_BUILD", "ALL_BUILD.vcxproj", "{F7C4FC5D-5D6D-3C47-BFA0-F167D3F43ECE}"
	ProjectSection(ProjectDependencies) = postProject
		{3E4E5862-8FA1-32AA-BB4B-0C59C854C0D8} = {3E4E5862-8FA1-32AA-BB4B-0C59C854C0D8}
		{729143E9-B1DA-34B5-8A57-8492FD97F33E} = {729143E9-B1DA-34B5-8A57-8492FD97F33E}
		{DF5E0E42-DDB4-3518-8E00-B7A6DC5C2648} = {DF5E0E42-DDB4-3518-8E00-B7A6DC5C2648}
	EndProjectSection
EndProject
Project("{8BC9CEB8-8B4A-11D0-8D11-00A0C91BC942}") = "INSTALL", "INSTALL.vcxproj", "{1EC218FF-7753-392A-AE4A-9B44FA9A75B6}"
	ProjectSection(ProjectDependencies) = postProject
		{F7C4FC5D-5D6D-3C47-BFA0-F167D3F43ECE} = {F7C4FC5D-5D6D-3C47-BFA0-F167D3F43ECE}
		{3E4E5862-8FA1-32AA-BB4B-0C59C854C0D8} = {3E4E5862-8FA1-32AA-BB4B-0C59C854C0D8}
	EndProjectSection
EndProject
Project("{8BC9CEB8-8B4A-11D0-8D11-00A0C91BC942}") = "ZERO_CHECK", "ZERO_CHECK.vcxproj", "{3E4E5862-8FA1-32AA-BB4B-0C59C854C0D8}"
	ProjectSection(ProjectDependencies) = postProject
	EndProjectSection
EndProject
Project("{8BC9CEB8-8B4A-11D0-8D11-00A0C91BC942}") = "glfw", "src\glfw\src\glfw.vcxproj", "{729143E9-B1DA-34B5-8A57-8492FD97F33E}"
	ProjectSection(ProjectDependencies) = postProject
		{3E4E5862-8FA1-32AA-BB4B-0C59C854C0D8} = {3E4E5862-8FA1-32AA-BB4B-0C59C854C0D8}
	EndProjectSection
EndProject
Project("{8BC9CEB8-8B4A-11D0-8D11-00A0C91BC942}") = "sigil", "sigil.vcxproj", "{DF5E0E42-DDB4-3518-8E00-B7A6DC5C2648}"
	ProjectSection(ProjectDependencies) = postProject
		{3E4E5862-8FA1-32AA-BB4B-0C59C854C0D8} = {3E4E5862-8FA1-32AA-BB4B-0C59C854C0D8}
		{729143E9-B1DA-34B5-8A57-8492FD97F33E} = {729143E9-B1DA-34B5-8A57-8492FD97F33E}
	EndProjectSection
EndProject
Project("{8BC9CEB8-8B4A-11D0-8D11-00A0C91BC942}") = "uninstall", "src\glfw\uninstall.vcxproj", "{3C3E6BE7-F0B9-3742-B8CE-9018EB200CF2}"
	ProjectSection(ProjectDependencies) = postProject
		{3E4E5862-8FA1-32AA-BB4B-0C59C854C0D8} = {3E4E5862-8FA1-32AA-BB4B-0C59C854C0D8}
	EndProjectSection
EndProject
Project("{2150E333-8FDC-42A3-9474-1A3956D46DE8}") = "CMakePredefinedTargets", "CMakePredefinedTargets", "{2B107A5B-33B8-38CC-94B5-53389ACC5FB8}"
EndProject
Project("{2150E333-8FDC-42A3-9474-1A3956D46DE8}") = "GLFW3", "GLFW3", "{C8E1E842-9E6E-38F1-AEA3-ED23AA86AF10}"
EndProject
Global
	GlobalSection(SolutionConfigurationPlatforms) = preSolution
		Debug|Win32 = Debug|Win32
		Release|Win32 = Release|Win32
		MinSizeRel|Win32 = MinSizeRel|Win32
		RelWithDebInfo|Win32 = RelWithDebInfo|Win32
	EndGlobalSection
	GlobalSection(ProjectConfigurationPlatforms) = postSolution
		{F7C4FC5D-5D6D-3C47-BFA0-F167D3F43ECE}.Debug|Win32.ActiveCfg = Debug|Win32
		{F7C4FC5D-5D6D-3C47-BFA0-F167D3F43ECE}.Debug|Win32.Build.0 = Debug|Win32
		{F7C4FC5D-5D6D-3C47-BFA0-F167D3F43ECE}.Release|Win32.ActiveCfg = Release|Win32
		{F7C4FC5D-5D6D-3C47-BFA0-F167D3F43ECE}.Release|Win32.Build.0 = Release|Win32
		{F7C4FC5D-5D6D-3C47-BFA0-F167D3F43ECE}.MinSizeRel|Win32.ActiveCfg = MinSizeRel|Win32
		{F7C4FC5D-5D6D-3C47-BFA0-F167D3F43ECE}.MinSizeRel|Win32.Build.0 = MinSizeRel|Win32
		{F7C4FC5D-5D6D-3C47-BFA0-F167D3F43ECE}.RelWithDebInfo|Win32.ActiveCfg = RelWithDebInfo|Win32
		{F7C4FC5D-5D6D-3C47-BFA0-F167D3F43ECE}.RelWithDebInfo|Win32.Build.0 = RelWithDebInfo|Win32
		{1EC218FF-7753-392A-AE4A-9B44FA9A75B6}.Debug|Win32.ActiveCfg = Debug|Win32
		{1EC218FF-7753-392A-AE4A-9B44FA9A75B6}.Release|Win32.ActiveCfg = Release|Win32
		{1EC218FF-7753-392A-AE4A-9B44FA9A75B6}.MinSizeRel|Win32.ActiveCfg = MinSizeRel|Win32
		{1EC218FF-7753-392A-AE4A-9B44FA9A75B6}.RelWithDebInfo|Win32.ActiveCfg = RelWithDebInfo|Win32
		{3E4E5862-8FA1-32AA-BB4B-0C59C854C0D8}.Debug|Win32.ActiveCfg = Debug|Win32
		{3E4E5862-8FA1-32AA-BB4B-0C59C854C0D8}.Debug|Win32.Build.0 = Debug|Win32
		{3E4E5862-8FA1-32AA-BB4B-0C59C854C0D8}.Release|Win32.ActiveCfg = Release|Win32
		{3E4E5862-8FA1-32AA-BB4B-0C59C854C0D8}.Release|Win32.Build.0 = Release|Win32
		{3E4E5862-8FA1-32AA-BB4B-0C59C854C0D8}.MinSizeRel|Win32.ActiveCfg = MinSizeRel|Win32
		{3E4E5862-8FA1-32AA-BB4B-0C59C854C0D8}.MinSizeRel|Win32.Build.0 = MinSizeRel|Win32
		{3E4E5862-8FA1-32AA-BB4B-0C59C854C0D8}.RelWithDebInfo|Win32.ActiveCfg = RelWithDebInfo|Win32
		{3E4E5862-8FA1-32AA-BB4B-0C59C854C0D8}.RelWithDebInfo|Win32.Build.0 = RelWithDebInfo|Win32
		{729143E9-B1DA-34B5-8A57-8492FD97F33E}.Debug|Win32.ActiveCfg = Debug|Win32
		{729143E9-B1DA-34B5-8A57-8492FD97F33E}.Debug|Win32.Build.0 = Debug|Win32
		{729143E9-B1DA-34B5-8A57-8492FD97F33E}.Release|Win32.ActiveCfg = Release|Win32
		{729143E9-B1DA-34B5-8A57-8492FD97F33E}.Release|Win32.Build.0 = Release|Win32
		{729143E9-B1DA-34B5-8A57-8492FD97F33E}.MinSizeRel|Win32.ActiveCfg = MinSizeRel|Win32
		{729143E9-B1DA-34B5-8A57-8492FD97F33E}.MinSizeRel|Win32.Build.0 = MinSizeRel|Win32
		{729143E9-B1DA-34B5-8A57-8492FD97F33E}.RelWithDebInfo|Win32.ActiveCfg = RelWithDebInfo|Win32
		{729143E9-B1DA-34B5-8A57-8492FD97F33E}.RelWithDebInfo|Win32.Build.0 = RelWithDebInfo|Win32
		{DF5E0E42-DDB4-3518-8E00-B7A6DC5C2648}.Debug|Win32.ActiveCfg = Debug|Win32
		{DF5E0E42-DDB4-3518-8E00-B7A6DC5C2648}.Debug|Win32.Build.0 = Debug|Win32
		{DF5E0E42-DDB4-3518-8E00-B7A6DC5C2648}.Release|Win32.ActiveCfg = Release|Win32
		{DF5E0E42-DDB4-3518-8E00-B7A6DC5C2648}.Release|Win32.Build.0 = Release|Win32
		{DF5E0E42-DDB4-3518-8E00-B7A6DC5C2648}.MinSizeRel|Win32.ActiveCfg = MinSizeRel|Win32
		{DF5E0E42-DDB4-3518-8E00-B7A6DC5C2648}.MinSizeRel|Win32.Build.0 = MinSizeRel|Win32
		{DF5E0E42-DDB4-3518-8E00-B7A6DC5C2648}.RelWithDebInfo|Win32.ActiveCfg = RelWithDebInfo|Win32
		{DF5E0E42-DDB4-3518-8E00-B7A6DC5C2648}.RelWithDebInfo|Win32.Build.0 = RelWithDebInfo|Win32
		{3C3E6BE7-F0B9-3742-B8CE-9018EB200CF2}.Debug|Win32.ActiveCfg = Debug|Win32
		{3C3E6BE7-F0B9-3742-B8CE-9018EB200CF2}.Release|Win32.ActiveCfg = Release|Win32
		{3C3E6BE7-F0B9-3742-B8CE-9018EB200CF2}.MinSizeRel|Win32.ActiveCfg = MinSizeRel|Win32
		{3C3E6BE7-F0B9-3742-B8CE-9018EB200CF2}.RelWithDebInfo|Win32.ActiveCfg = RelWithDebInfo|Win32
	EndGlobalSection
	GlobalSection(NestedProjects) = preSolution
		{1EC218FF-7753-392A-AE4A-9B44FA9A75B6} = {2B107A5B-33B8-38CC-94B5-53389ACC5FB8}
		{3E4E5862-8FA1-32AA-BB4B-0C59C854C0D8} = {2B107A5B-33B8-38CC-94B5-53389ACC5FB8}
		{729143E9-B1DA-34B5-8A57-8492FD97F33E} = {C8E1E842-9E6E-38F1-AEA3-ED23AA86AF10}
	EndGlobalSection
	GlobalSection(ExtensibilityGlobals) = postSolution
	EndGlobalSection
	GlobalSection(ExtensibilityAddIns) = postSolution
	EndGlobalSection
EndGlobal
