
Microsoft Visual Studio Solution File, Format Version 12.00
# Visual Studio 2013
VisualStudioVersion = 12.0.31101.0
MinimumVisualStudioVersion = 10.0.40219.1
Project("{8BC9CEB8-8B4A-11D0-8D11-00A0C91BC942}") = "shapes-vc2013-win64", "shapes-vc2013-win64.vcxproj", "{BD7E3881-0E23-4BF4-9BFB-529FC695B985}"
EndProject
Global
	GlobalSection(SolutionConfigurationPlatforms) = preSolution
		Debug|x64 = Debug|x64
		Release|x64 = Release|x64
	EndGlobalSection
	GlobalSection(ProjectConfigurationPlatforms) = postSolution
		{BD7E3881-0E23-4BF4-9BFB-529FC695B985}.Debug|x64.ActiveCfg = Debug|x64
		{BD7E3881-0E23-4BF4-9BFB-529FC695B985}.Debug|x64.Build.0 = Debug|x64
		{BD7E3881-0E23-4BF4-9BFB-529FC695B985}.Release|x64.ActiveCfg = Release|x64
		{BD7E3881-0E23-4BF4-9BFB-529FC695B985}.Release|x64.Build.0 = Release|x64
	EndGlobalSection
	GlobalSection(SolutionProperties) = preSolution
		HideSolutionNode = FALSE
	EndGlobalSection
EndGlobal
