Microsoft Visual Studio Solution File, Format Version 11.00
# Visual Studio 2010
Project("{8BC9CEB8-8B4A-11D0-8D11-00A0C91BC942}") = "ALL_BUILD", "ALL_BUILD.vcxproj", "{D3DD971E-FB2E-30B7-9417-B3863E312DAF}"
	ProjectSection(ProjectDependencies) = postProject
		{BEBB6905-2BBD-363B-8BB2-63A4A23D8947} = {BEBB6905-2BBD-363B-8BB2-63A4A23D8947}
		{812FC585-2523-3420-AD6F-E0C0EC6008B6} = {812FC585-2523-3420-AD6F-E0C0EC6008B6}
	EndProjectSection
EndProject
Project("{8BC9CEB8-8B4A-11D0-8D11-00A0C91BC942}") = "INSTALL", "INSTALL.vcxproj", "{87095CC4-B5F0-31C0-B0F9-016E6625BE15}"
	ProjectSection(ProjectDependencies) = postProject
		{D3DD971E-FB2E-30B7-9417-B3863E312DAF} = {D3DD971E-FB2E-30B7-9417-B3863E312DAF}
		{BEBB6905-2BBD-363B-8BB2-63A4A23D8947} = {BEBB6905-2BBD-363B-8BB2-63A4A23D8947}
	EndProjectSection
EndProject
Project("{8BC9CEB8-8B4A-11D0-8D11-00A0C91BC942}") = "ZERO_CHECK", "..\..\\ZERO_CHECK.vcxproj", "{BEBB6905-2BBD-363B-8BB2-63A4A23D8947}"
	ProjectSection(ProjectDependencies) = postProject
	EndProjectSection
EndProject
Project("{8BC9CEB8-8B4A-11D0-8D11-00A0C91BC942}") = "glfw", "src\glfw.vcxproj", "{812FC585-2523-3420-AD6F-E0C0EC6008B6}"
	ProjectSection(ProjectDependencies) = postProject
		{BEBB6905-2BBD-363B-8BB2-63A4A23D8947} = {BEBB6905-2BBD-363B-8BB2-63A4A23D8947}
	EndProjectSection
EndProject
Project("{8BC9CEB8-8B4A-11D0-8D11-00A0C91BC942}") = "uninstall", "uninstall.vcxproj", "{C4419F21-A971-31E8-BC70-0601CC1CE129}"
	ProjectSection(ProjectDependencies) = postProject
		{BEBB6905-2BBD-363B-8BB2-63A4A23D8947} = {BEBB6905-2BBD-363B-8BB2-63A4A23D8947}
	EndProjectSection
EndProject
Project("{2150E333-8FDC-42A3-9474-1A3956D46DE8}") = "CMakePredefinedTargets", "CMakePredefinedTargets", "{00ECDCC9-8E41-3314-91AE-96DC864A8815}"
EndProject
Project("{2150E333-8FDC-42A3-9474-1A3956D46DE8}") = "GLFW3", "GLFW3", "{2777B742-E41E-342B-B973-0CAA8A562F19}"
EndProject
Global
	GlobalSection(SolutionConfigurationPlatforms) = preSolution
		Debug|Win32 = Debug|Win32
		Release|Win32 = Release|Win32
		MinSizeRel|Win32 = MinSizeRel|Win32
		RelWithDebInfo|Win32 = RelWithDebInfo|Win32
	EndGlobalSection
	GlobalSection(ProjectConfigurationPlatforms) = postSolution
		{D3DD971E-FB2E-30B7-9417-B3863E312DAF}.Debug|Win32.ActiveCfg = Debug|Win32
		{D3DD971E-FB2E-30B7-9417-B3863E312DAF}.Debug|Win32.Build.0 = Debug|Win32
		{D3DD971E-FB2E-30B7-9417-B3863E312DAF}.Release|Win32.ActiveCfg = Release|Win32
		{D3DD971E-FB2E-30B7-9417-B3863E312DAF}.Release|Win32.Build.0 = Release|Win32
		{D3DD971E-FB2E-30B7-9417-B3863E312DAF}.MinSizeRel|Win32.ActiveCfg = MinSizeRel|Win32
		{D3DD971E-FB2E-30B7-9417-B3863E312DAF}.MinSizeRel|Win32.Build.0 = MinSizeRel|Win32
		{D3DD971E-FB2E-30B7-9417-B3863E312DAF}.RelWithDebInfo|Win32.ActiveCfg = RelWithDebInfo|Win32
		{D3DD971E-FB2E-30B7-9417-B3863E312DAF}.RelWithDebInfo|Win32.Build.0 = RelWithDebInfo|Win32
		{87095CC4-B5F0-31C0-B0F9-016E6625BE15}.Debug|Win32.ActiveCfg = Debug|Win32
		{87095CC4-B5F0-31C0-B0F9-016E6625BE15}.Release|Win32.ActiveCfg = Release|Win32
		{87095CC4-B5F0-31C0-B0F9-016E6625BE15}.MinSizeRel|Win32.ActiveCfg = MinSizeRel|Win32
		{87095CC4-B5F0-31C0-B0F9-016E6625BE15}.RelWithDebInfo|Win32.ActiveCfg = RelWithDebInfo|Win32
		{BEBB6905-2BBD-363B-8BB2-63A4A23D8947}.Debug|Win32.ActiveCfg = Debug|Win32
		{BEBB6905-2BBD-363B-8BB2-63A4A23D8947}.Debug|Win32.Build.0 = Debug|Win32
		{BEBB6905-2BBD-363B-8BB2-63A4A23D8947}.Release|Win32.ActiveCfg = Release|Win32
		{BEBB6905-2BBD-363B-8BB2-63A4A23D8947}.Release|Win32.Build.0 = Release|Win32
		{BEBB6905-2BBD-363B-8BB2-63A4A23D8947}.MinSizeRel|Win32.ActiveCfg = MinSizeRel|Win32
		{BEBB6905-2BBD-363B-8BB2-63A4A23D8947}.MinSizeRel|Win32.Build.0 = MinSizeRel|Win32
		{BEBB6905-2BBD-363B-8BB2-63A4A23D8947}.RelWithDebInfo|Win32.ActiveCfg = RelWithDebInfo|Win32
		{BEBB6905-2BBD-363B-8BB2-63A4A23D8947}.RelWithDebInfo|Win32.Build.0 = RelWithDebInfo|Win32
		{812FC585-2523-3420-AD6F-E0C0EC6008B6}.Debug|Win32.ActiveCfg = Debug|Win32
		{812FC585-2523-3420-AD6F-E0C0EC6008B6}.Debug|Win32.Build.0 = Debug|Win32
		{812FC585-2523-3420-AD6F-E0C0EC6008B6}.Release|Win32.ActiveCfg = Release|Win32
		{812FC585-2523-3420-AD6F-E0C0EC6008B6}.Release|Win32.Build.0 = Release|Win32
		{812FC585-2523-3420-AD6F-E0C0EC6008B6}.MinSizeRel|Win32.ActiveCfg = MinSizeRel|Win32
		{812FC585-2523-3420-AD6F-E0C0EC6008B6}.MinSizeRel|Win32.Build.0 = MinSizeRel|Win32
		{812FC585-2523-3420-AD6F-E0C0EC6008B6}.RelWithDebInfo|Win32.ActiveCfg = RelWithDebInfo|Win32
		{812FC585-2523-3420-AD6F-E0C0EC6008B6}.RelWithDebInfo|Win32.Build.0 = RelWithDebInfo|Win32
		{C4419F21-A971-31E8-BC70-0601CC1CE129}.Debug|Win32.ActiveCfg = Debug|Win32
		{C4419F21-A971-31E8-BC70-0601CC1CE129}.Release|Win32.ActiveCfg = Release|Win32
		{C4419F21-A971-31E8-BC70-0601CC1CE129}.MinSizeRel|Win32.ActiveCfg = MinSizeRel|Win32
		{C4419F21-A971-31E8-BC70-0601CC1CE129}.RelWithDebInfo|Win32.ActiveCfg = RelWithDebInfo|Win32
	EndGlobalSection
	GlobalSection(NestedProjects) = preSolution
		{87095CC4-B5F0-31C0-B0F9-016E6625BE15} = {00ECDCC9-8E41-3314-91AE-96DC864A8815}
		{BEBB6905-2BBD-363B-8BB2-63A4A23D8947} = {00ECDCC9-8E41-3314-91AE-96DC864A8815}
		{812FC585-2523-3420-AD6F-E0C0EC6008B6} = {2777B742-E41E-342B-B973-0CAA8A562F19}
	EndGlobalSection
	GlobalSection(ExtensibilityGlobals) = postSolution
	EndGlobalSection
	GlobalSection(ExtensibilityAddIns) = postSolution
	EndGlobalSection
EndGlobal
