
Microsoft Visual Studio Solution File, Format Version 11.00
# Visual Studio 2010
Project("{8BC9CEB8-8B4A-11D0-8D11-00A0C91BC942}") = "transformations-vc2010", "transformations-vc2010.vcxproj", "{1D60ADC6-C414-4CF7-8019-FE01F75918E1}"
EndProject
Global
	GlobalSection(SolutionConfigurationPlatforms) = preSolution
		Debug|Win32 = Debug|Win32
		Release|Win32 = Release|Win32
	EndGlobalSection
	GlobalSection(ProjectConfigurationPlatforms) = postSolution
		{1D60ADC6-C414-4CF7-8019-FE01F75918E1}.Debug|Win32.ActiveCfg = Debug|Win32
		{1D60ADC6-C414-4CF7-8019-FE01F75918E1}.Debug|Win32.Build.0 = Debug|Win32
		{1D60ADC6-C414-4CF7-8019-FE01F75918E1}.Release|Win32.ActiveCfg = Release|Win32
		{1D60ADC6-C414-4CF7-8019-FE01F75918E1}.Release|Win32.Build.0 = Release|Win32
	EndGlobalSection
	GlobalSection(SolutionProperties) = preSolution
		HideSolutionNode = FALSE
	EndGlobalSection
EndGlobal
