<?xml version="1.0" encoding="UTF-8"?>
<Project ToolsVersion="4.0" xmlns="http://schemas.microsoft.com/developer/msbuild/2003">
  <ItemGroup>
    <CustomBuild Include="C:\Users\Geoff\sigil\src\glfw\CMakeLists.txt" />
    <CustomBuild Include="C:\Users\Geoff\sigil\build-vc2012-win64\CMakeFiles\297b060de1f2fdf7adcecbda650a53bf\uninstall.rule">
      <Filter>CMake Rules</Filter>
    </CustomBuild>
  </ItemGroup>
  <ItemGroup>
    <None Include="C:\Users\Geoff\sigil\build-vc2012-win64\src\glfw\CMakeFiles\uninstall" />
  </ItemGroup>
  <ItemGroup>
    <Filter Include="CMake Rules">
      <UniqueIdentifier>{3D542F4F-BA1B-3137-BAB0-4CA6BA38808F}</UniqueIdentifier>
    </Filter>
  </ItemGroup>
</Project>
