<?xml version="1.0" encoding="UTF-8"?>
<Project ToolsVersion="12.0" xmlns="http://schemas.microsoft.com/developer/msbuild/2003">
  <ItemGroup>
    <CustomBuild Include="C:\Users\Geoff\sigil\src\glfw\CMakeLists.txt" />
    <CustomBuild Include="C:\Users\Geoff\sigil\build-vc2013-win64\CMakeFiles\df39ddc831fb8e2b4414b269e87fbd20\uninstall.rule">
      <Filter>CMake Rules</Filter>
    </CustomBuild>
  </ItemGroup>
  <ItemGroup>
    <None Include="C:\Users\Geoff\sigil\build-vc2013-win64\src\glfw\CMakeFiles\uninstall" />
  </ItemGroup>
  <ItemGroup>
    <Filter Include="CMake Rules">
      <UniqueIdentifier>{B0BBC93F-61EC-31E8-AE95-1ED83BE2F417}</UniqueIdentifier>
    </Filter>
  </ItemGroup>
</Project>
